{
  "name": "store-microservices",
  "lockfileVersion": 2,
  "requires": true,
  "packages": {
    "": {
      "dependencies": {
        "express-prom-bundle": "^6.4.1",
        "prom-client": "^14.0.1"
      }
    },
    "node_modules/bintrees": {
      "version": "1.0.1",
      "resolved": "https://registry.npmjs.org/bintrees/-/bintrees-1.0.1.tgz",
      "integrity": "sha1-DmVcm5wkNeqraL9AJyJtK1WjRSQ="
    },
    "node_modules/ee-first": {
      "version": "1.1.1",
      "resolved": "https://registry.npmjs.org/ee-first/-/ee-first-1.1.1.tgz",
      "integrity": "sha1-WQxhFWsK4vTwJVcyoViyZrxWsh0="
    },
    "node_modules/express-prom-bundle": {
      "version": "6.4.1",
      "resolved": "https://registry.npmjs.org/express-prom-bundle/-/express-prom-bundle-6.4.1.tgz",
      "integrity": "sha512-Sg0svLQe/SS5z1tHDTVfZVjNumobiDlXM0jmemt5Dm9K6BX8z9yCwEr93zbko6fNMR4zKav77iPfxUWi6gAjNA==",
      "dependencies": {
        "on-finished": "^2.3.0",
        "url-value-parser": "^2.0.0"
      },
      "engines": {
        "node": ">=10"
      },
      "peerDependencies": {
        "prom-client": ">=12.0.0"
      }
    },
    "node_modules/on-finished": {
      "version": "2.4.1",
      "resolved": "https://registry.npmjs.org/on-finished/-/on-finished-2.4.1.tgz",
      "integrity": "sha512-oVlzkg3ENAhCk2zdv7IJwd/QUD4z2RxRwpkcGY8psCVcCYZNq4wYnVWALHM+brtuJjePWiYF/ClmuDr8Ch5+kg==",
      "dependencies": {
        "ee-first": "1.1.1"
      },
      "engines": {
        "node": ">= 0.8"
      }
    },
    "node_modules/prom-client": {
      "version": "14.0.1",
      "resolved": "https://registry.npmjs.org/prom-client/-/prom-client-14.0.1.tgz",
      "integrity": "sha512-HxTArb6fkOntQHoRGvv4qd/BkorjliiuO2uSWC2KC17MUTKYttWdDoXX/vxOhQdkoECEM9BBH0pj2l8G8kev6w==",
      "dependencies": {
        "tdigest": "^0.1.1"
      },
      "engines": {
        "node": ">=10"
      }
    },
    "node_modules/tdigest": {
      "version": "0.1.1",
      "resolved": "https://registry.npmjs.org/tdigest/-/tdigest-0.1.1.tgz",
      "integrity": "sha1-Ljyyw56kSeVdHmzZEReszKRYgCE=",
      "dependencies": {
        "bintrees": "1.0.1"
      }
    },
    "node_modules/url-value-parser": {
      "version": "2.1.0",
      "resolved": "https://registry.npmjs.org/url-value-parser/-/url-value-parser-2.1.0.tgz",
      "integrity": "sha512-gIYPWXujdUdwd/9TGCHTf5Vvgw6lOxjE5Q/k+7WNByYyS0vW5WX0k+xuVlhvPq6gRNhzXVv/ezC+OfeAet5Kcw==",
      "engines": {
        "node": ">=6.0.0"
      }
    }
  },
  "dependencies": {
    "bintrees": {
      "version": "1.0.1",
      "resolved": "https://registry.npmjs.org/bintrees/-/bintrees-1.0.1.tgz",
      "integrity": "sha1-DmVcm5wkNeqraL9AJyJtK1WjRSQ="
    },
    "ee-first": {
      "version": "1.1.1",
      "resolved": "https://registry.npmjs.org/ee-first/-/ee-first-1.1.1.tgz",
      "integrity": "sha1-WQxhFWsK4vTwJVcyoViyZrxWsh0="
    },
    "express-prom-bundle": {
      "version": "6.4.1",
      "resolved": "https://registry.npmjs.org/express-prom-bundle/-/express-prom-bundle-6.4.1.tgz",
      "integrity": "sha512-Sg0svLQe/SS5z1tHDTVfZVjNumobiDlXM0jmemt5Dm9K6BX8z9yCwEr93zbko6fNMR4zKav77iPfxUWi6gAjNA==",
      "requires": {
        "on-finished": "^2.3.0",
        "url-value-parser": "^2.0.0"
      }
    },
    "on-finished": {
      "version": "2.4.1",
      "resolved": "https://registry.npmjs.org/on-finished/-/on-finished-2.4.1.tgz",
      "integrity": "sha512-oVlzkg3ENAhCk2zdv7IJwd/QUD4z2RxRwpkcGY8psCVcCYZNq4wYnVWALHM+brtuJjePWiYF/ClmuDr8Ch5+kg==",
      "requires": {
        "ee-first": "1.1.1"
      }
    },
    "prom-client": {
      "version": "14.0.1",
      "resolved": "https://registry.npmjs.org/prom-client/-/prom-client-14.0.1.tgz",
      "integrity": "sha512-HxTArb6fkOntQHoRGvv4qd/BkorjliiuO2uSWC2KC17MUTKYttWdDoXX/vxOhQdkoECEM9BBH0pj2l8G8kev6w==",
      "requires": {
        "tdigest": "^0.1.1"
      }
    },
    "tdigest": {
      "version": "0.1.1",
      "resolved": "https://registry.npmjs.org/tdigest/-/tdigest-0.1.1.tgz",
      "integrity": "sha1-Ljyyw56kSeVdHmzZEReszKRYgCE=",
      "requires": {
        "bintrees": "1.0.1"
      }
    },
    "url-value-parser": {
      "version": "2.1.0",
      "resolved": "https://registry.npmjs.org/url-value-parser/-/url-value-parser-2.1.0.tgz",
      "integrity": "sha512-gIYPWXujdUdwd/9TGCHTf5Vvgw6lOxjE5Q/k+7WNByYyS0vW5WX0k+xuVlhvPq6gRNhzXVv/ezC+OfeAet5Kcw=="
    }
  }
}
